
Microsoft Visual Studio Solution File, Format Version 12.00
# Visual Studio 15
VisualStudioVersion = 15.0.28307.489
MinimumVisualStudioVersion = 10.0.40219.1
Project("{8BC9CEB8-8B4A-11D0-8D11-00A0C91BC942}") = "Zadanie4", "Zadanie4\Zadanie4.vcxproj", "{FBA0C2CC-5B06-4FDF-9D9C-DA791B5AABA2}"
EndProject
Global
	GlobalSection(SolutionConfigurationPlatforms) = preSolution
		Debug|x64 = Debug|x64
		Debug|x86 = Debug|x86
		Release|x64 = Release|x64
		Release|x86 = Release|x86
	EndGlobalSection
	GlobalSection(ProjectConfigurationPlatforms) = postSolution
		{FBA0C2CC-5B06-4FDF-9D9C-DA791B5AABA2}.Debug|x64.ActiveCfg = Debug|x64
		{FBA0C2CC-5B06-4FDF-9D9C-DA791B5AABA2}.Debug|x64.Build.0 = Debug|x64
		{FBA0C2CC-5B06-4FDF-9D9C-DA791B5AABA2}.Debug|x86.ActiveCfg = Debug|Win32
		{FBA0C2CC-5B06-4FDF-9D9C-DA791B5AABA2}.Debug|x86.Build.0 = Debug|Win32
		{FBA0C2CC-5B06-4FDF-9D9C-DA791B5AABA2}.Release|x64.ActiveCfg = Release|x64
		{FBA0C2CC-5B06-4FDF-9D9C-DA791B5AABA2}.Release|x64.Build.0 = Release|x64
		{FBA0C2CC-5B06-4FDF-9D9C-DA791B5AABA2}.Release|x86.ActiveCfg = Release|Win32
		{FBA0C2CC-5B06-4FDF-9D9C-DA791B5AABA2}.Release|x86.Build.0 = Release|Win32
	EndGlobalSection
	GlobalSection(SolutionProperties) = preSolution
		HideSolutionNode = FALSE
	EndGlobalSection
	GlobalSection(ExtensibilityGlobals) = postSolution
		SolutionGuid = {4765B590-B4C8-49E1-ACB1-AA1BF840A324}
	EndGlobalSection
EndGlobal
